
Microsoft Visual Studio Solution File, Format Version 12.00
# Visual Studio Version 17
VisualStudioVersion = 17.3.32922.545
MinimumVisualStudioVersion = 10.0.40219.1
Project("{FAE04EC0-301F-11D3-BF4B-00C04F79EFBC}") = "DemoStore.Services.QuerySide", "DemoStore.Services.QuerySide\DemoStore.Services.QuerySide.csproj", "{87D26D82-EA6D-4232-8530-DB95C65F3EB1}"
EndProject
Global
	GlobalSection(SolutionConfigurationPlatforms) = preSolution
		Debug|Any CPU = Debug|Any CPU
		Release|Any CPU = Release|Any CPU
	EndGlobalSection
	GlobalSection(ProjectConfigurationPlatforms) = postSolution
		{87D26D82-EA6D-4232-8530-DB95C65F3EB1}.Debug|Any CPU.ActiveCfg = Debug|Any CPU
		{87D26D82-EA6D-4232-8530-DB95C65F3EB1}.Debug|Any CPU.Build.0 = Debug|Any CPU
		{87D26D82-EA6D-4232-8530-DB95C65F3EB1}.Release|Any CPU.ActiveCfg = Release|Any CPU
		{87D26D82-EA6D-4232-8530-DB95C65F3EB1}.Release|Any CPU.Build.0 = Release|Any CPU
	EndGlobalSection
	GlobalSection(SolutionProperties) = preSolution
		HideSolutionNode = FALSE
	EndGlobalSection
	GlobalSection(ExtensibilityGlobals) = postSolution
		SolutionGuid = {68037BAD-79E4-459F-BAFB-2E8F26BE41C8}
	EndGlobalSection
EndGlobal
